// !$*UTF8*$!
{
	archiveVersion = 1;
	classes = {
	};
	objectVersion = 48;
	objects = {

/* Begin PBXBuildFile section */
		048CA392204558F500A1E6E8 /* AppDelegate.swift in Sources */ = {isa = PBXBuildFile; fileRef = 048CA391204558F500A1E6E8 /* AppDelegate.swift */; };
		048CA394204558F500A1E6E8 /* ViewController.swift in Sources */ = {isa = PBXBuildFile; fileRef = 048CA393204558F500A1E6E8 /* ViewController.swift */; };
		048CA397204558F500A1E6E8 /* Main.storyboard in Resources */ = {isa = PBXBuildFile; fileRef = 048CA395204558F500A1E6E8 /* Main.storyboard */; };
		048CA399204558F500A1E6E8 /* Assets.xcassets in Resources */ = {isa = PBXBuildFile; fileRef = 048CA398204558F500A1E6E8 /* Assets.xcassets */; };
		048CA39C204558F500A1E6E8 /* LaunchScreen.storyboard in Resources */ = {isa = PBXBuildFile; fileRef = 048CA39A204558F500A1E6E8 /* LaunchScreen.storyboard */; };
		048CA3A7204558F500A1E6E8 /* FQ_ClipImageTests.swift in Sources */ = {isa = PBXBuildFile; fileRef = 048CA3A6204558F500A1E6E8 /* FQ_ClipImageTests.swift */; };
		048CA3B2204558F500A1E6E8 /* FQ_ClipImageUITests.swift in Sources */ = {isa = PBXBuildFile; fileRef = 048CA3B1204558F500A1E6E8 /* FQ_ClipImageUITests.swift */; };
		048CA3C120455D6400A1E6E8 /* FQ_LiveGetCoverVc.swift in Sources */ = {isa = PBXBuildFile; fileRef = 048CA3BF20455D6400A1E6E8 /* FQ_LiveGetCoverVc.swift */; };
		048CA3C220455D6400A1E6E8 /* FQ_LiveGetCoverVc.xib in Resources */ = {isa = PBXBuildFile; fileRef = 048CA3C020455D6400A1E6E8 /* FQ_LiveGetCoverVc.xib */; };
/* End PBXBuildFile section */

/* Begin PBXContainerItemProxy section */
		048CA3A3204558F500A1E6E8 /* PBXContainerItemProxy */ = {
			isa = PBXContainerItemProxy;
			containerPortal = 048CA386204558F500A1E6E8 /* Project object */;
			proxyType = 1;
			remoteGlobalIDString = 048CA38D204558F500A1E6E8;
			remoteInfo = FQ_ClipImage;
		};
		048CA3AE204558F500A1E6E8 /* PBXContainerItemProxy */ = {
			isa = PBXContainerItemProxy;
			containerPortal = 048CA386204558F500A1E6E8 /* Project object */;
			proxyType = 1;
			remoteGlobalIDString = 048CA38D204558F500A1E6E8;
			remoteInfo = FQ_ClipImage;
		};
/* End PBXContainerItemProxy section */

/* Begin PBXFileReference section */
		048CA38E204558F500A1E6E8 /* FQ_ClipImage.app */ = {isa = PBXFileReference; explicitFileType = wrapper.application; includeInIndex = 0; path = FQ_ClipImage.app; sourceTree = BUILT_PRODUCTS_DIR; };
		048CA391204558F500A1E6E8 /* AppDelegate.swift */ = {isa = PBXFileReference; lastKnownFileType = sourcecode.swift; path = AppDelegate.swift; sourceTree = "<group>"; };
		048CA393204558F500A1E6E8 /* ViewController.swift */ = {isa = PBXFileReference; lastKnownFileType = sourcecode.swift; path = ViewController.swift; sourceTree = "<group>"; };
		048CA396204558F500A1E6E8 /* Base */ = {isa = PBXFileReference; lastKnownFileType = file.storyboard; name = Base; path = Base.lproj/Main.storyboard; sourceTree = "<group>"; };
		048CA398204558F500A1E6E8 /* Assets.xcassets */ = {isa = PBXFileReference; lastKnownFileType = folder.assetcatalog; path = Assets.xcassets; sourceTree = "<group>"; };
		048CA39B204558F500A1E6E8 /* Base */ = {isa = PBXFileReference; lastKnownFileType = file.storyboard; name = Base; path = Base.lproj/LaunchScreen.storyboard; sourceTree = "<group>"; };
		048CA39D204558F500A1E6E8 /* Info.plist */ = {isa = PBXFileReference; lastKnownFileType = text.plist.xml; path = Info.plist; sourceTree = "<group>"; };
		048CA3A2204558F500A1E6E8 /* FQ_ClipImageTests.xctest */ = {isa = PBXFileReference; explicitFileType = wrapper.cfbundle; includeInIndex = 0; path = FQ_ClipImageTests.xctest; sourceTree = BUILT_PRODUCTS_DIR; };
		048CA3A6204558F500A1E6E8 /* FQ_ClipImageTests.swift */ = {isa = PBXFileReference; lastKnownFileType = sourcecode.swift; path = FQ_ClipImageTests.swift; sourceTree = "<group>"; };
		048CA3A8204558F500A1E6E8 /* Info.plist */ = {isa = PBXFileReference; lastKnownFileType = text.plist.xml; path = Info.plist; sourceTree = "<group>"; };
		048CA3AD204558F500A1E6E8 /* FQ_ClipImageUITests.xctest */ = {isa = PBXFileReference; explicitFileType = wrapper.cfbundle; includeInIndex = 0; path = FQ_ClipImageUITests.xctest; sourceTree = BUILT_PRODUCTS_DIR; };
		048CA3B1204558F500A1E6E8 /* FQ_ClipImageUITests.swift */ = {isa = PBXFileReference; lastKnownFileType = sourcecode.swift; path = FQ_ClipImageUITests.swift; sourceTree = "<group>"; };
		048CA3B3204558F500A1E6E8 /* Info.plist */ = {isa = PBXFileReference; lastKnownFileType = text.plist.xml; path = Info.plist; sourceTree = "<group>"; };
		048CA3BF20455D6400A1E6E8 /* FQ_LiveGetCoverVc.swift */ = {isa = PBXFileReference; lastKnownFileType = sourcecode.swift; path = FQ_LiveGetCoverVc.swift; sourceTree = "<group>"; };
		048CA3C020455D6400A1E6E8 /* FQ_LiveGetCoverVc.xib */ = {isa = PBXFileReference; lastKnownFileType = file.xib; path = FQ_LiveGetCoverVc.xib; sourceTree = "<group>"; };
/* End PBXFileReference section */

/* Begin PBXFrameworksBuildPhase section */
		048CA38B204558F500A1E6E8 /* Frameworks */ = {
			isa = PBXFrameworksBuildPhase;
			buildActionMask = 2147483647;
			files = (
			);
			runOnlyForDeploymentPostprocessing = 0;
		};
		048CA39F204558F500A1E6E8 /* Frameworks */ = {
			isa = PBXFrameworksBuildPhase;
			buildActionMask = 2147483647;
			files = (
			);
			runOnlyForDeploymentPostprocessing = 0;
		};
		048CA3AA204558F500A1E6E8 /* Frameworks */ = {
			isa = PBXFrameworksBuildPhase;
			buildActionMask = 2147483647;
			files = (
			);
			runOnlyForDeploymentPostprocessing = 0;
		};
/* End PBXFrameworksBuildPhase section */

/* Begin PBXGroup section */
		048CA385204558F500A1E6E8 = {
			isa = PBXGroup;
			children = (
				048CA390204558F500A1E6E8 /* FQ_ClipImage */,
				048CA3A5204558F500A1E6E8 /* FQ_ClipImageTests */,
				048CA3B0204558F500A1E6E8 /* FQ_ClipImageUITests */,
				048CA38F204558F500A1E6E8 /* Products */,
			);
			sourceTree = "<group>";
		};
		048CA38F204558F500A1E6E8 /* Products */ = {
			isa = PBXGroup;
			children = (
				048CA38E204558F500A1E6E8 /* FQ_ClipImage.app */,
				048CA3A2204558F500A1E6E8 /* FQ_ClipImageTests.xctest */,
				048CA3AD204558F500A1E6E8 /* FQ_ClipImageUITests.xctest */,
			);
			name = Products;
			sourceTree = "<group>";
		};
		048CA390204558F500A1E6E8 /* FQ_ClipImage */ = {
			isa = PBXGroup;
			children = (
				048CA391204558F500A1E6E8 /* AppDelegate.swift */,
				048CA393204558F500A1E6E8 /* ViewController.swift */,
				048CA395204558F500A1E6E8 /* Main.storyboard */,
				048CA398204558F500A1E6E8 /* Assets.xcassets */,
				048CA39A204558F500A1E6E8 /* LaunchScreen.storyboard */,
				048CA39D204558F500A1E6E8 /* Info.plist */,
				048CA3BF20455D6400A1E6E8 /* FQ_LiveGetCoverVc.swift */,
				048CA3C020455D6400A1E6E8 /* FQ_LiveGetCoverVc.xib */,
			);
			path = FQ_ClipImage;
			sourceTree = "<group>";
		};
		048CA3A5204558F500A1E6E8 /* FQ_ClipImageTests */ = {
			isa = PBXGroup;
			children = (
				048CA3A6204558F500A1E6E8 /* FQ_ClipImageTests.swift */,
				048CA3A8204558F500A1E6E8 /* Info.plist */,
			);
			path = FQ_ClipImageTests;
			sourceTree = "<group>";
		};
		048CA3B0204558F500A1E6E8 /* FQ_ClipImageUITests */ = {
			isa = PBXGroup;
			children = (
				048CA3B1204558F500A1E6E8 /* FQ_ClipImageUITests.swift */,
				048CA3B3204558F500A1E6E8 /* Info.plist */,
			);
			path = FQ_ClipImageUITests;
			sourceTree = "<group>";
		};
/* End PBXGroup section */

/* Begin PBXNativeTarget section */
		048CA38D204558F500A1E6E8 /* FQ_ClipImage */ = {
			isa = PBXNativeTarget;
			buildConfigurationList = 048CA3B6204558F500A1E6E8 /* Build configuration list for PBXNativeTarget "FQ_ClipImage" */;
			buildPhases = (
				048CA38A204558F500A1E6E8 /* Sources */,
				048CA38B204558F500A1E6E8 /* Frameworks */,
				048CA38C204558F500A1E6E8 /* Resources */,
			);
			buildRules = (
			);
			dependencies = (
			);
			name = FQ_ClipImage;
			productName = FQ_ClipImage;
			productReference = 048CA38E204558F500A1E6E8 /* FQ_ClipImage.app */;
			productType = "com.apple.product-type.application";
		};
		048CA3A1204558F500A1E6E8 /* FQ_ClipImageTests */ = {
			isa = PBXNativeTarget;
			buildConfigurationList = 048CA3B9204558F500A1E6E8 /* Build configuration list for PBXNativeTarget "FQ_ClipImageTests" */;
			buildPhases = (
				048CA39E204558F500A1E6E8 /* Sources */,
				048CA39F204558F500A1E6E8 /* Frameworks */,
				048CA3A0204558F500A1E6E8 /* Resources */,
			);
			buildRules = (
			);
			dependencies = (
				048CA3A4204558F500A1E6E8 /* PBXTargetDependency */,
			);
			name = FQ_ClipImageTests;
			productName = FQ_ClipImageTests;
			productReference = 048CA3A2204558F500A1E6E8 /* FQ_ClipImageTests.xctest */;
			productType = "com.apple.product-type.bundle.unit-test";
		};
		048CA3AC204558F500A1E6E8 /* FQ_ClipImageUITests */ = {
			isa = PBXNativeTarget;
			buildConfigurationList = 048CA3BC204558F500A1E6E8 /* Build configuration list for PBXNativeTarget "FQ_ClipImageUITests" */;
			buildPhases = (
				048CA3A9204558F500A1E6E8 /* Sources */,
				048CA3AA204558F500A1E6E8 /* Frameworks */,
				048CA3AB204558F500A1E6E8 /* Resources */,
			);
			buildRules = (
			);
			dependencies = (
				048CA3AF204558F500A1E6E8 /* PBXTargetDependency */,
			);
			name = FQ_ClipImageUITests;
			productName = FQ_ClipImageUITests;
			productReference = 048CA3AD204558F500A1E6E8 /* FQ_ClipImageUITests.xctest */;
			productType = "com.apple.product-type.bundle.ui-testing";
		};
/* End PBXNativeTarget section */

/* Begin PBXProject section */
		048CA386204558F500A1E6E8 /* Project object */ = {
			isa = PBXProject;
			attributes = {
				LastSwiftUpdateCheck = 0920;
				LastUpgradeCheck = 0920;
				ORGANIZATIONNAME = mac;
				TargetAttributes = {
					048CA38D204558F500A1E6E8 = {
						CreatedOnToolsVersion = 9.2;
						ProvisioningStyle = Automatic;
					};
					048CA3A1204558F500A1E6E8 = {
						CreatedOnToolsVersion = 9.2;
						ProvisioningStyle = Automatic;
						TestTargetID = 048CA38D204558F500A1E6E8;
					};
					048CA3AC204558F500A1E6E8 = {
						CreatedOnToolsVersion = 9.2;
						ProvisioningStyle = Automatic;
						TestTargetID = 048CA38D204558F500A1E6E8;
					};
				};
			};
			buildConfigurationList = 048CA389204558F500A1E6E8 /* Build configuration list for PBXProject "FQ_ClipImage" */;
			compatibilityVersion = "Xcode 8.0";
			developmentRegion = en;
			hasScannedForEncodings = 0;
			knownRegions = (
				en,
				Base,
			);
			mainGroup = 048CA385204558F500A1E6E8;
			productRefGroup = 048CA38F204558F500A1E6E8 /* Products */;
			projectDirPath = "";
			projectRoot = "";
			targets = (
				048CA38D204558F500A1E6E8 /* FQ_ClipImage */,
				048CA3A1204558F500A1E6E8 /* FQ_ClipImageTests */,
				048CA3AC204558F500A1E6E8 /* FQ_ClipImageUITests */,
			);
		};
/* End PBXProject section */

/* Begin PBXResourcesBuildPhase section */
		048CA38C204558F500A1E6E8 /* Resources */ = {
			isa = PBXResourcesBuildPhase;
			buildActionMask = 2147483647;
			files = (
				048CA3C220455D6400A1E6E8 /* FQ_LiveGetCoverVc.xib in Resources */,
				048CA39C204558F500A1E6E8 /* LaunchScreen.storyboard in Resources */,
				048CA399204558F500A1E6E8 /* Assets.xcassets in Resources */,
				048CA397204558F500A1E6E8 /* Main.storyboard in Resources */,
			);
			runOnlyForDeploymentPostprocessing = 0;
		};
		048CA3A0204558F500A1E6E8 /* Resources */ = {
			isa = PBXResourcesBuildPhase;
			buildActionMask = 2147483647;
			files = (
			);
			runOnlyForDeploymentPostprocessing = 0;
		};
		048CA3AB204558F500A1E6E8 /* Resources */ = {
			isa = PBXResourcesBuildPhase;
			buildActionMask = 2147483647;
			files = (
			);
			runOnlyForDeploymentPostprocessing = 0;
		};
/* End PBXResourcesBuildPhase section */

/* Begin PBXSourcesBuildPhase section */
		048CA38A204558F500A1E6E8 /* Sources */ = {
			isa = PBXSourcesBuildPhase;
			buildActionMask = 2147483647;
			files = (
				048CA3C120455D6400A1E6E8 /* FQ_LiveGetCoverVc.swift in Sources */,
				048CA394204558F500A1E6E8 /* ViewController.swift in Sources */,
				048CA392204558F500A1E6E8 /* AppDelegate.swift in Sources */,
			);
			runOnlyForDeploymentPostprocessing = 0;
		};
		048CA39E204558F500A1E6E8 /* Sources */ = {
			isa = PBXSourcesBuildPhase;
			buildActionMask = 2147483647;
			files = (
				048CA3A7204558F500A1E6E8 /* FQ_ClipImageTests.swift in Sources */,
			);
			runOnlyForDeploymentPostprocessing = 0;
		};
		048CA3A9204558F500A1E6E8 /* Sources */ = {
			isa = PBXSourcesBuildPhase;
			buildActionMask = 2147483647;
			files = (
				048CA3B2204558F500A1E6E8 /* FQ_ClipImageUITests.swift in Sources */,
			);
			runOnlyForDeploymentPostprocessing = 0;
		};
/* End PBXSourcesBuildPhase section */

/* Begin PBXTargetDependency section */
		048CA3A4204558F500A1E6E8 /* PBXTargetDependency */ = {
			isa = PBXTargetDependency;
			target = 048CA38D204558F500A1E6E8 /* FQ_ClipImage */;
			targetProxy = 048CA3A3204558F500A1E6E8 /* PBXContainerItemProxy */;
		};
		048CA3AF204558F500A1E6E8 /* PBXTargetDependency */ = {
			isa = PBXTargetDependency;
			target = 048CA38D204558F500A1E6E8 /* FQ_ClipImage */;
			targetProxy = 048CA3AE204558F500A1E6E8 /* PBXContainerItemProxy */;
		};
/* End PBXTargetDependency section */

/* Begin PBXVariantGroup section */
		048CA395204558F500A1E6E8 /* Main.storyboard */ = {
			isa = PBXVariantGroup;
			children = (
				048CA396204558F500A1E6E8 /* Base */,
			);
			name = Main.storyboard;
			sourceTree = "<group>";
		};
		048CA39A204558F500A1E6E8 /* LaunchScreen.storyboard */ = {
			isa = PBXVariantGroup;
			children = (
				048CA39B204558F500A1E6E8 /* Base */,
			);
			name = LaunchScreen.storyboard;
			sourceTree = "<group>";
		};
/* End PBXVariantGroup section */

/* Begin XCBuildConfiguration section */
		048CA3B4204558F500A1E6E8 /* Debug */ = {
			isa = XCBuildConfiguration;
			buildSettings = {
				ALWAYS_SEARCH_USER_PATHS = NO;
				CLANG_ANALYZER_NONNULL = YES;
				CLANG_ANALYZER_NUMBER_OBJECT_CONVERSION = YES_AGGRESSIVE;
				CLANG_CXX_LANGUAGE_STANDARD = "gnu++14";
				CLANG_CXX_LIBRARY = "libc++";
				CLANG_ENABLE_MODULES = YES;
				CLANG_ENABLE_OBJC_ARC = YES;
				CLANG_WARN_BLOCK_CAPTURE_AUTORELEASING = YES;
				CLANG_WARN_BOOL_CONVERSION = YES;
				CLANG_WARN_COMMA = YES;
				CLANG_WARN_CONSTANT_CONVERSION = YES;
				CLANG_WARN_DIRECT_OBJC_ISA_USAGE = YES_ERROR;
				CLANG_WARN_DOCUMENTATION_COMMENTS = YES;
				CLANG_WARN_EMPTY_BODY = YES;
				CLANG_WARN_ENUM_CONVERSION = YES;
				CLANG_WARN_INFINITE_RECURSION = YES;
				CLANG_WARN_INT_CONVERSION = YES;
				CLANG_WARN_NON_LITERAL_NULL_CONVERSION = YES;
				CLANG_WARN_OBJC_LITERAL_CONVERSION = YES;
				CLANG_WARN_OBJC_ROOT_CLASS = YES_ERROR;
				CLANG_WARN_RANGE_LOOP_ANALYSIS = YES;
				CLANG_WARN_STRICT_PROTOTYPES = YES;
				CLANG_WARN_SUSPICIOUS_MOVE = YES;
				CLANG_WARN_UNGUARDED_AVAILABILITY = YES_AGGRESSIVE;
				CLANG_WARN_UNREACHABLE_CODE = YES;
				CLANG_WARN__DUPLICATE_METHOD_MATCH = YES;
				CODE_SIGN_IDENTITY = "iPhone Developer";
				COPY_PHASE_STRIP = NO;
				DEBUG_INFORMATION_FORMAT = dwarf;
				ENABLE_STRICT_OBJC_MSGSEND = YES;
				ENABLE_TESTABILITY = YES;
				GCC_C_LANGUAGE_STANDARD = gnu11;
				GCC_DYNAMIC_NO_PIC = NO;
				GCC_NO_COMMON_BLOCKS = YES;
				GCC_OPTIMIZATION_LEVEL = 0;
				GCC_PREPROCESSOR_DEFINITIONS = (
					"DEBUG=1",
					"$(inherited)",
				);
				GCC_WARN_64_TO_32_BIT_CONVERSION = YES;
				GCC_WARN_ABOUT_RETURN_TYPE = YES_ERROR;
				GCC_WARN_UNDECLARED_SELECTOR = YES;
				GCC_WARN_UNINITIALIZED_AUTOS = YES_AGGRESSIVE;
				GCC_WARN_UNUSED_FUNCTION = YES;
				GCC_WARN_UNUSED_VARIABLE = YES;
				IPHONEOS_DEPLOYMENT_TARGET = 11.2;
				MTL_ENABLE_DEBUG_INFO = YES;
				ONLY_ACTIVE_ARCH = YES;
				SDKROOT = iphoneos;
				SWIFT_ACTIVE_COMPILATION_CONDITIONS = DEBUG;
				SWIFT_OPTIMIZATION_LEVEL = "-Onone";
			};
			name = Debug;
		};
		048CA3B5204558F500A1E6E8 /* Release */ = {
			isa = XCBuildConfiguration;
			buildSettings = {
				ALWAYS_SEARCH_USER_PATHS = NO;
				CLANG_ANALYZER_NONNULL = YES;
				CLANG_ANALYZER_NUMBER_OBJECT_CONVERSION = YES_AGGRESSIVE;
				CLANG_CXX_LANGUAGE_STANDARD = "gnu++14";
				CLANG_CXX_LIBRARY = "libc++";
				CLANG_ENABLE_MODULES = YES;
				CLANG_ENABLE_OBJC_ARC = YES;
				CLANG_WARN_BLOCK_CAPTURE_AUTORELEASING = YES;
				CLANG_WARN_BOOL_CONVERSION = YES;
				CLANG_WARN_COMMA = YES;
				CLANG_WARN_CONSTANT_CONVERSION = YES;
				CLANG_WARN_DIRECT_OBJC_ISA_USAGE = YES_ERROR;
				CLANG_WARN_DOCUMENTATION_COMMENTS = YES;
				CLANG_WARN_EMPTY_BODY = YES;
				CLANG_WARN_ENUM_CONVERSION = YES;
				CLANG_WARN_INFINITE_RECURSION = YES;
				CLANG_WARN_INT_CONVERSION = YES;
				CLANG_WARN_NON_LITERAL_NULL_CONVERSION = YES;
				CLANG_WARN_OBJC_LITERAL_CONVERSION = YES;
				CLANG_WARN_OBJC_ROOT_CLASS = YES_ERROR;
				CLANG_WARN_RANGE_LOOP_ANALYSIS = YES;
				CLANG_WARN_STRICT_PROTOTYPES = YES;
				CLANG_WARN_SUSPICIOUS_MOVE = YES;
				CLANG_WARN_UNGUARDED_AVAILABILITY = YES_AGGRESSIVE;
				CLANG_WARN_UNREACHABLE_CODE = YES;
				CLANG_WARN__DUPLICATE_METHOD_MATCH = YES;
				CODE_SIGN_IDENTITY = "iPhone Developer";
				COPY_PHASE_STRIP = NO;
				DEBUG_INFORMATION_FORMAT = "dwarf-with-dsym";
				ENABLE_NS_ASSERTIONS = NO;
				ENABLE_STRICT_OBJC_MSGSEND = YES;
				GCC_C_LANGUAGE_STANDARD = gnu11;
				GCC_NO_COMMON_BLOCKS = YES;
				GCC_WARN_64_TO_32_BIT_CONVERSION = YES;
				GCC_WARN_ABOUT_RETURN_TYPE = YES_ERROR;
				GCC_WARN_UNDECLARED_SELECTOR = YES;
				GCC_WARN_UNINITIALIZED_AUTOS = YES_AGGRESSIVE;
				GCC_WARN_UNUSED_FUNCTION = YES;
				GCC_WARN_UNUSED_VARIABLE = YES;
				IPHONEOS_DEPLOYMENT_TARGET = 11.2;
				MTL_ENABLE_DEBUG_INFO = NO;
				SDKROOT = iphoneos;
				SWIFT_OPTIMIZATION_LEVEL = "-Owholemodule";
				VALIDATE_PRODUCT = YES;
			};
			name = Release;
		};
		048CA3B7204558F500A1E6E8 /* Debug */ = {
			isa = XCBuildConfiguration;
			buildSettings = {
				ASSETCATALOG_COMPILER_APPICON_NAME = AppIcon;
				CODE_SIGN_STYLE = Automatic;
				DEVELOPMENT_TEAM = 4XJ2W74NHP;
				INFOPLIST_FILE = FQ_ClipImage/Info.plist;
				LD_RUNPATH_SEARCH_PATHS = "$(inherited) @executable_path/Frameworks";
				PRODUCT_BUNDLE_IDENTIFIER = "com.fanqi.YX-Animation";
				PRODUCT_NAME = "$(TARGET_NAME)";
				SWIFT_VERSION = 4.0;
				TARGETED_DEVICE_FAMILY = "1,2";
			};
			name = Debug;
		};
		048CA3B8204558F500A1E6E8 /* Release */ = {
			isa = XCBuildConfiguration;
			buildSettings = {
				ASSETCATALOG_COMPILER_APPICON_NAME = AppIcon;
				CODE_SIGN_STYLE = Automatic;
				DEVELOPMENT_TEAM = 4XJ2W74NHP;
				INFOPLIST_FILE = FQ_ClipImage/Info.plist;
				LD_RUNPATH_SEARCH_PATHS = "$(inherited) @executable_path/Frameworks";
				PRODUCT_BUNDLE_IDENTIFIER = "com.fanqi.YX-Animation";
				PRODUCT_NAME = "$(TARGET_NAME)";
				SWIFT_VERSION = 4.0;
				TARGETED_DEVICE_FAMILY = "1,2";
			};
			name = Release;
		};
		048CA3BA204558F500A1E6E8 /* Debug */ = {
			isa = XCBuildConfiguration;
			buildSettings = {
				ALWAYS_EMBED_SWIFT_STANDARD_LIBRARIES = YES;
				BUNDLE_LOADER = "$(TEST_HOST)";
				CODE_SIGN_STYLE = Automatic;
				DEVELOPMENT_TEAM = 4XJ2W74NHP;
				INFOPLIST_FILE = FQ_ClipImageTests/Info.plist;
				LD_RUNPATH_SEARCH_PATHS = "$(inherited) @executable_path/Frameworks @loader_path/Frameworks";
				PRODUCT_BUNDLE_IDENTIFIER = "com.fanqi.FQ-ClipImageTests";
				PRODUCT_NAME = "$(TARGET_NAME)";
				SWIFT_VERSION = 4.0;
				TARGETED_DEVICE_FAMILY = "1,2";
				TEST_HOST = "$(BUILT_PRODUCTS_DIR)/FQ_ClipImage.app/FQ_ClipImage";
			};
			name = Debug;
		};
		048CA3BB204558F500A1E6E8 /* Release */ = {
			isa = XCBuildConfiguration;
			buildSettings = {
				ALWAYS_EMBED_SWIFT_STANDARD_LIBRARIES = YES;
				BUNDLE_LOADER = "$(TEST_HOST)";
				CODE_SIGN_STYLE = Automatic;
				DEVELOPMENT_TEAM = 4XJ2W74NHP;
				INFOPLIST_FILE = FQ_ClipImageTests/Info.plist;
				LD_RUNPATH_SEARCH_PATHS = "$(inherited) @executable_path/Frameworks @loader_path/Frameworks";
				PRODUCT_BUNDLE_IDENTIFIER = "com.fanqi.FQ-ClipImageTests";
				PRODUCT_NAME = "$(TARGET_NAME)";
				SWIFT_VERSION = 4.0;
				TARGETED_DEVICE_FAMILY = "1,2";
				TEST_HOST = "$(BUILT_PRODUCTS_DIR)/FQ_ClipImage.app/FQ_ClipImage";
			};
			name = Release;
		};
		048CA3BD204558F500A1E6E8 /* Debug */ = {
			isa = XCBuildConfiguration;
			buildSettings = {
				ALWAYS_EMBED_SWIFT_STANDARD_LIBRARIES = YES;
				CODE_SIGN_STYLE = Automatic;
				DEVELOPMENT_TEAM = 4XJ2W74NHP;
				INFOPLIST_FILE = FQ_ClipImageUITests/Info.plist;
				LD_RUNPATH_SEARCH_PATHS = "$(inherited) @executable_path/Frameworks @loader_path/Frameworks";
				PRODUCT_BUNDLE_IDENTIFIER = "com.fanqi.FQ-ClipImageUITests";
				PRODUCT_NAME = "$(TARGET_NAME)";
				SWIFT_VERSION = 4.0;
				TARGETED_DEVICE_FAMILY = "1,2";
				TEST_TARGET_NAME = FQ_ClipImage;
			};
			name = Debug;
		};
		048CA3BE204558F500A1E6E8 /* Release */ = {
			isa = XCBuildConfiguration;
			buildSettings = {
				ALWAYS_EMBED_SWIFT_STANDARD_LIBRARIES = YES;
				CODE_SIGN_STYLE = Automatic;
				DEVELOPMENT_TEAM = 4XJ2W74NHP;
				INFOPLIST_FILE = FQ_ClipImageUITests/Info.plist;
				LD_RUNPATH_SEARCH_PATHS = "$(inherited) @executable_path/Frameworks @loader_path/Frameworks";
				PRODUCT_BUNDLE_IDENTIFIER = "com.fanqi.FQ-ClipImageUITests";
				PRODUCT_NAME = "$(TARGET_NAME)";
				SWIFT_VERSION = 4.0;
				TARGETED_DEVICE_FAMILY = "1,2";
				TEST_TARGET_NAME = FQ_ClipImage;
			};
			name = Release;
		};
/* End XCBuildConfiguration section */

/* Begin XCConfigurationList section */
		048CA389204558F500A1E6E8 /* Build configuration list for PBXProject "FQ_ClipImage" */ = {
			isa = XCConfigurationList;
			buildConfigurations = (
				048CA3B4204558F500A1E6E8 /* Debug */,
				048CA3B5204558F500A1E6E8 /* Release */,
			);
			defaultConfigurationIsVisible = 0;
			defaultConfigurationName = Release;
		};
		048CA3B6204558F500A1E6E8 /* Build configuration list for PBXNativeTarget "FQ_ClipImage" */ = {
			isa = XCConfigurationList;
			buildConfigurations = (
				048CA3B7204558F500A1E6E8 /* Debug */,
				048CA3B8204558F500A1E6E8 /* Release */,
			);
			defaultConfigurationIsVisible = 0;
			defaultConfigurationName = Release;
		};
		048CA3B9204558F500A1E6E8 /* Build configuration list for PBXNativeTarget "FQ_ClipImageTests" */ = {
			isa = XCConfigurationList;
			buildConfigurations = (
				048CA3BA204558F500A1E6E8 /* Debug */,
				048CA3BB204558F500A1E6E8 /* Release */,
			);
			defaultConfigurationIsVisible = 0;
			defaultConfigurationName = Release;
		};
		048CA3BC204558F500A1E6E8 /* Build configuration list for PBXNativeTarget "FQ_ClipImageUITests" */ = {
			isa = XCConfigurationList;
			buildConfigurations = (
				048CA3BD204558F500A1E6E8 /* Debug */,
				048CA3BE204558F500A1E6E8 /* Release */,
			);
			defaultConfigurationIsVisible = 0;
			defaultConfigurationName = Release;
		};
/* End XCConfigurationList section */
	};
	rootObject = 048CA386204558F500A1E6E8 /* Project object */;
}
